
Microsoft Visual Studio Solution File, Format Version 12.00
# Visual Studio Version 17
VisualStudioVersion = 17.0.31903.59
MinimumVisualStudioVersion = 10.0.40219.1
Project("{9A19103F-16F7-4668-BE54-9A1E7A4F7556}") = "Task5", "Task5\Task5.csproj", "{2BC587DA-BE3B-4C9D-AEA8-D5E37BF25E21}"
EndProject
Project("{FAE04EC0-301F-11D3-BF4B-00C04F79EFBC}") = "Task4", "Task4\Task4.csproj", "{13E84327-07DB-4EE5-9B4E-2B687FD0B84F}"
EndProject
Project("{FAE04EC0-301F-11D3-BF4B-00C04F79EFBC}") = "Task1", "Task1\Task1.csproj", "{7708DE8A-DEC2-44BF-8A51-0A27FC068A61}"
EndProject
Project("{FAE04EC0-301F-11D3-BF4B-00C04F79EFBC}") = "Task3", "Task3\Task3.csproj", "{F316ECCB-73C2-45AF-B691-CCBA0D5B5E68}"
EndProject
Project("{FAE04EC0-301F-11D3-BF4B-00C04F79EFBC}") = "Task6", "Task6\Task6.csproj", "{C7A81DDE-87C9-49B3-B2BA-4E87EF9DD427}"
EndProject
Project("{FAE04EC0-301F-11D3-BF4B-00C04F79EFBC}") = "Task8", "Task8\Task8.csproj", "{F7868435-F92F-4B33-9E6E-9F3E8365B7F7}"
EndProject
Global
	GlobalSection(SolutionConfigurationPlatforms) = preSolution
		Debug|Any CPU = Debug|Any CPU
		Release|Any CPU = Release|Any CPU
	EndGlobalSection
	GlobalSection(ProjectConfigurationPlatforms) = postSolution
		{2BC587DA-BE3B-4C9D-AEA8-D5E37BF25E21}.Debug|Any CPU.ActiveCfg = Debug|Any CPU
		{2BC587DA-BE3B-4C9D-AEA8-D5E37BF25E21}.Debug|Any CPU.Build.0 = Debug|Any CPU
		{2BC587DA-BE3B-4C9D-AEA8-D5E37BF25E21}.Release|Any CPU.ActiveCfg = Release|Any CPU
		{2BC587DA-BE3B-4C9D-AEA8-D5E37BF25E21}.Release|Any CPU.Build.0 = Release|Any CPU
		{13E84327-07DB-4EE5-9B4E-2B687FD0B84F}.Debug|Any CPU.ActiveCfg = Debug|Any CPU
		{13E84327-07DB-4EE5-9B4E-2B687FD0B84F}.Debug|Any CPU.Build.0 = Debug|Any CPU
		{13E84327-07DB-4EE5-9B4E-2B687FD0B84F}.Release|Any CPU.ActiveCfg = Release|Any CPU
		{13E84327-07DB-4EE5-9B4E-2B687FD0B84F}.Release|Any CPU.Build.0 = Release|Any CPU
		{7708DE8A-DEC2-44BF-8A51-0A27FC068A61}.Debug|Any CPU.ActiveCfg = Debug|Any CPU
		{7708DE8A-DEC2-44BF-8A51-0A27FC068A61}.Debug|Any CPU.Build.0 = Debug|Any CPU
		{7708DE8A-DEC2-44BF-8A51-0A27FC068A61}.Release|Any CPU.ActiveCfg = Release|Any CPU
		{7708DE8A-DEC2-44BF-8A51-0A27FC068A61}.Release|Any CPU.Build.0 = Release|Any CPU
		{F316ECCB-73C2-45AF-B691-CCBA0D5B5E68}.Debug|Any CPU.ActiveCfg = Debug|Any CPU
		{F316ECCB-73C2-45AF-B691-CCBA0D5B5E68}.Debug|Any CPU.Build.0 = Debug|Any CPU
		{F316ECCB-73C2-45AF-B691-CCBA0D5B5E68}.Release|Any CPU.ActiveCfg = Release|Any CPU
		{F316ECCB-73C2-45AF-B691-CCBA0D5B5E68}.Release|Any CPU.Build.0 = Release|Any CPU
		{C7A81DDE-87C9-49B3-B2BA-4E87EF9DD427}.Debug|Any CPU.ActiveCfg = Debug|Any CPU
		{C7A81DDE-87C9-49B3-B2BA-4E87EF9DD427}.Debug|Any CPU.Build.0 = Debug|Any CPU
		{C7A81DDE-87C9-49B3-B2BA-4E87EF9DD427}.Release|Any CPU.ActiveCfg = Release|Any CPU
		{C7A81DDE-87C9-49B3-B2BA-4E87EF9DD427}.Release|Any CPU.Build.0 = Release|Any CPU
		{F7868435-F92F-4B33-9E6E-9F3E8365B7F7}.Debug|Any CPU.ActiveCfg = Debug|Any CPU
		{F7868435-F92F-4B33-9E6E-9F3E8365B7F7}.Debug|Any CPU.Build.0 = Debug|Any CPU
		{F7868435-F92F-4B33-9E6E-9F3E8365B7F7}.Release|Any CPU.ActiveCfg = Release|Any CPU
		{F7868435-F92F-4B33-9E6E-9F3E8365B7F7}.Release|Any CPU.Build.0 = Release|Any CPU
	EndGlobalSection
	GlobalSection(SolutionProperties) = preSolution
		HideSolutionNode = FALSE
	EndGlobalSection
	GlobalSection(ExtensibilityGlobals) = postSolution
		SolutionGuid = {808E9D3F-20AB-4312-A8FA-4B27444F0175}
	EndGlobalSection
EndGlobal
